
Microsoft Visual Studio Solution File, Format Version 12.00
# Visual Studio 2013
VisualStudioVersion = 12.0.30723.0
MinimumVisualStudioVersion = 10.0.40219.1
Project("{FAE04EC0-301F-11D3-BF4B-00C04F79EFBC}") = "API", "API\API.csproj", "{CA3F735D-DEBC-4A1C-85B9-C6F205DDC288}"
EndProject
Project("{FAE04EC0-301F-11D3-BF4B-00C04F79EFBC}") = "Shared", "Shared\Shared.csproj", "{0DA9B9C9-8021-4036-A2E9-681FB875497B}"
EndProject
Project("{FAE04EC0-301F-11D3-BF4B-00C04F79EFBC}") = "API.Data", "API.Data\API.Data.csproj", "{779AADAC-3AAC-4F40-9348-779B4FA7F208}"
EndProject
Project("{FAE04EC0-301F-11D3-BF4B-00C04F79EFBC}") = "API.Data.Tests", "API.Data.Tests\API.Data.Tests.csproj", "{2257EEED-2F06-4CA9-A452-ED3F9967EECA}"
EndProject
Project("{2150E333-8FDC-42A3-9474-1A3956D46DE8}") = ".nuget", ".nuget", "{3359F789-385E-4E9B-BCF1-38082631D7FE}"
	ProjectSection(SolutionItems) = preProject
		.nuget\NuGet.Config = .nuget\NuGet.Config
		.nuget\NuGet.exe = .nuget\NuGet.exe
		.nuget\NuGet.targets = .nuget\NuGet.targets
	EndProjectSection
EndProject
Project("{FAE04EC0-301F-11D3-BF4B-00C04F79EFBC}") = "API.Auth", "API.Auth\API.Auth.csproj", "{03DEBD1B-85F7-4BDA-B11B-BC4C4F029EFB}"
EndProject
Global
	GlobalSection(SolutionConfigurationPlatforms) = preSolution
		Debug|Any CPU = Debug|Any CPU
		Release|Any CPU = Release|Any CPU
	EndGlobalSection
	GlobalSection(ProjectConfigurationPlatforms) = postSolution
		{CA3F735D-DEBC-4A1C-85B9-C6F205DDC288}.Debug|Any CPU.ActiveCfg = Debug|Any CPU
		{CA3F735D-DEBC-4A1C-85B9-C6F205DDC288}.Debug|Any CPU.Build.0 = Debug|Any CPU
		{CA3F735D-DEBC-4A1C-85B9-C6F205DDC288}.Release|Any CPU.ActiveCfg = Release|Any CPU
		{CA3F735D-DEBC-4A1C-85B9-C6F205DDC288}.Release|Any CPU.Build.0 = Release|Any CPU
		{0DA9B9C9-8021-4036-A2E9-681FB875497B}.Debug|Any CPU.ActiveCfg = Debug|Any CPU
		{0DA9B9C9-8021-4036-A2E9-681FB875497B}.Debug|Any CPU.Build.0 = Debug|Any CPU
		{0DA9B9C9-8021-4036-A2E9-681FB875497B}.Release|Any CPU.ActiveCfg = Release|Any CPU
		{0DA9B9C9-8021-4036-A2E9-681FB875497B}.Release|Any CPU.Build.0 = Release|Any CPU
		{779AADAC-3AAC-4F40-9348-779B4FA7F208}.Debug|Any CPU.ActiveCfg = Debug|Any CPU
		{779AADAC-3AAC-4F40-9348-779B4FA7F208}.Debug|Any CPU.Build.0 = Debug|Any CPU
		{779AADAC-3AAC-4F40-9348-779B4FA7F208}.Release|Any CPU.ActiveCfg = Release|Any CPU
		{779AADAC-3AAC-4F40-9348-779B4FA7F208}.Release|Any CPU.Build.0 = Release|Any CPU
		{2257EEED-2F06-4CA9-A452-ED3F9967EECA}.Debug|Any CPU.ActiveCfg = Debug|Any CPU
		{2257EEED-2F06-4CA9-A452-ED3F9967EECA}.Debug|Any CPU.Build.0 = Debug|Any CPU
		{2257EEED-2F06-4CA9-A452-ED3F9967EECA}.Release|Any CPU.ActiveCfg = Release|Any CPU
		{2257EEED-2F06-4CA9-A452-ED3F9967EECA}.Release|Any CPU.Build.0 = Release|Any CPU
		{03DEBD1B-85F7-4BDA-B11B-BC4C4F029EFB}.Debug|Any CPU.ActiveCfg = Debug|Any CPU
		{03DEBD1B-85F7-4BDA-B11B-BC4C4F029EFB}.Debug|Any CPU.Build.0 = Debug|Any CPU
		{03DEBD1B-85F7-4BDA-B11B-BC4C4F029EFB}.Release|Any CPU.ActiveCfg = Release|Any CPU
		{03DEBD1B-85F7-4BDA-B11B-BC4C4F029EFB}.Release|Any CPU.Build.0 = Release|Any CPU
	EndGlobalSection
	GlobalSection(SolutionProperties) = preSolution
		HideSolutionNode = FALSE
	EndGlobalSection
	GlobalSection(ExtensibilityGlobals) = postSolution
		EnterpriseLibraryConfigurationToolBinariesPathV6 = packages\EnterpriseLibrary.Common.6.0.1304.0\lib\NET45;packages\EnterpriseLibrary.Logging.6.0.1304.0\lib\NET45
	EndGlobalSection
EndGlobal
